<?xml version="1.0" encoding="utf-8"?>
<Project ToolsVersion="4.0" xmlns="http://schemas.microsoft.com/developer/msbuild/2003">
  <ItemGroup>
    <Filter Include="Source Files">
      <UniqueIdentifier>{4FC737F1-C7A5-4376-A066-2A32D752A2FF}</UniqueIdentifier>
      <Extensions>cpp;c;cc;cxx;def;odl;idl;hpj;bat;asm;asmx</Extensions>
    </Filter>
    <Filter Include="Header Files">
      <UniqueIdentifier>{93995380-89BD-4b04-88EB-625FBE52EBFB}</UniqueIdentifier>
      <Extensions>h;hh;hpp;hxx;hm;inl;inc;xsd</Extensions>
    </Filter>
    <Filter Include="Resource Files">
      <UniqueIdentifier>{67DA6AB6-F800-4c08-8B7A-83BB121AAD01}</UniqueIdentifier>
      <Extensions>rc;ico;cur;bmp;dlg;rc2;rct;bin;rgs;gif;jpg;jpeg;jpe;resx;tiff;tif;png;wav;mfcribbon-ms</Extensions>
    </Filter>
  </ItemGroup>
  <ItemGroup>
    <ClCompile Include="Utils\Display.cpp">
      <Filter>Source Files</Filter>
    </ClCompile>
    <ClCompile Include="SEngine\Engine.cpp">
      <Filter>Source Files</Filter>
    </ClCompile>
    <ClCompile Include="main.cpp">
      <Filter>Source Files</Filter>
    </ClCompile>
    <ClCompile Include="Utils\ResourceManager.cpp">
      <Filter>Source Files</Filter>
    </ClCompile>
    <ClCompile Include="Maths\Vector.cpp">
      <Filter>Source Files</Filter>
    </ClCompile>
    <ClCompile Include="Utils\Input\Input.cpp">
      <Filter>Source Files</Filter>
    </ClCompile>
    <ClCompile Include="SEngine\Transform\Transform.cpp">
      <Filter>Source Files</Filter>
    </ClCompile>
    <ClCompile Include="SEngine\Entity\Entity.cpp">
      <Filter>Source Files</Filter>
    </ClCompile>
    <ClCompile Include="SEngine\Geometry\Geometry.cpp">
      <Filter>Source Files</Filter>
    </ClCompile>
    <ClCompile Include="SEngine\MeshUtils\MeshPoints\SinWave.cpp">
      <Filter>Source Files</Filter>
    </ClCompile>
    <ClCompile Include="SEngine\MeshUtils\Mesh.cpp">
      <Filter>Source Files</Filter>
    </ClCompile>
    <ClCompile Include="SEngine\Shader\Shader.cpp">
      <Filter>Source Files</Filter>
    </ClCompile>
    <ClCompile Include="SEngine\Shader\ShaderManager.cpp">
      <Filter>Source Files</Filter>
    </ClCompile>
    <ClCompile Include="SEngine\Camera\Camera.cpp">
      <Filter>Source Files</Filter>
    </ClCompile>
    <ClCompile Include="SEngine\Texture\Texture.cpp">
      <Filter>Source Files</Filter>
    </ClCompile>
    <ClCompile Include="SEngine\Texture\TextureManager.cpp">
      <Filter>Source Files</Filter>
    </ClCompile>
    <ClCompile Include="SEngine\Geometry\Cubemap.cpp">
      <Filter>Source Files</Filter>
    </ClCompile>
    <ClCompile Include="SEngine\Time\Time.cpp">
      <Filter>Source Files</Filter>
    </ClCompile>
    <ClCompile Include="SEngine\Lighting\Light.cpp">
      <Filter>Source Files</Filter>
    </ClCompile>
    <ClCompile Include="Maths\Color.cpp">
      <Filter>Source Files</Filter>
    </ClCompile>
    <ClCompile Include="SEngine\Lighting\PointLight\PointLight.cpp">
      <Filter>Source Files</Filter>
    </ClCompile>
    <ClCompile Include="SEngine\Lighting\DirectionalLight\DirectionalLight.cpp">
      <Filter>Source Files</Filter>
    </ClCompile>
    <ClCompile Include="SEngine\Lighting\SpotLight\SpotLight.cpp">
      <Filter>Source Files</Filter>
    </ClCompile>
    <ClCompile Include="SEngine\Lighting\AreaLight\AreaLight.cpp">
      <Filter>Source Files</Filter>
    </ClCompile>
    <ClCompile Include="SEngine\Lighting\LightManager.cpp">
      <Filter>Source Files</Filter>
    </ClCompile>
    <ClCompile Include="SEngine\Material\Material.cpp">
      <Filter>Source Files</Filter>
    </ClCompile>
  </ItemGroup>
  <ItemGroup>
    <ClInclude Include="Utils\Display.h">
      <Filter>Header Files</Filter>
    </ClInclude>
    <ClInclude Include="Utils\Random.h">
      <Filter>Header Files</Filter>
    </ClInclude>
    <ClInclude Include="SEngine\Engine.h">
      <Filter>Header Files</Filter>
    </ClInclude>
    <ClInclude Include="Utils\ResourceManager.h">
      <Filter>Header Files</Filter>
    </ClInclude>
    <ClInclude Include="Maths\Vector.h">
      <Filter>Header Files</Filter>
    </ClInclude>
    <ClInclude Include="Utils\Input\Input.h">
      <Filter>Header Files</Filter>
    </ClInclude>
    <ClInclude Include="SEngine\Transform\Transform.h">
      <Filter>Header Files</Filter>
    </ClInclude>
    <ClInclude Include="SEngine\Entity\Entity.h">
      <Filter>Header Files</Filter>
    </ClInclude>
    <ClInclude Include="SEngine\Geometry\Geometry.h">
      <Filter>Header Files</Filter>
    </ClInclude>
    <ClInclude Include="SEngine\MeshUtils\MeshPoints\SinWave.h">
      <Filter>Header Files</Filter>
    </ClInclude>
    <ClInclude Include="SEngine\MeshUtils\Mesh.h">
      <Filter>Header Files</Filter>
    </ClInclude>
    <ClInclude Include="SEngine\MeshUtils\Vertex.h">
      <Filter>Header Files</Filter>
    </ClInclude>
    <ClInclude Include="SEngine\Shader\Shader.h">
      <Filter>Header Files</Filter>
    </ClInclude>
    <ClInclude Include="SEngine\Shader\ShaderManager.h">
      <Filter>Header Files</Filter>
    </ClInclude>
    <ClInclude Include="SEngine\Camera\Camera.h">
      <Filter>Header Files</Filter>
    </ClInclude>
    <ClInclude Include="SEngine\Texture\Texture.h">
      <Filter>Header Files</Filter>
    </ClInclude>
    <ClInclude Include="..\..\..\..\Downloads\stb-master\stb-master\stb_image.h">
      <Filter>Header Files</Filter>
    </ClInclude>
    <ClInclude Include="SEngine\Texture\TextureManager.h">
      <Filter>Header Files</Filter>
    </ClInclude>
    <ClInclude Include="SEngine\Geometry\Cubemap.h">
      <Filter>Header Files</Filter>
    </ClInclude>
    <ClInclude Include="SEngine\ImageLoader\stb_image.h">
      <Filter>Header Files</Filter>
    </ClInclude>
    <ClInclude Include="SEngine\Time\Time.h">
      <Filter>Header Files</Filter>
    </ClInclude>
    <ClInclude Include="SEngine\Lighting\Light.h">
      <Filter>Header Files</Filter>
    </ClInclude>
    <ClInclude Include="Maths\Color.h">
      <Filter>Header Files</Filter>
    </ClInclude>
    <ClInclude Include="SEngine\Lighting\PointLight\PointLight.h">
      <Filter>Header Files</Filter>
    </ClInclude>
    <ClInclude Include="SEngine\Lighting\DirectionalLight\DirectionalLight.h">
      <Filter>Header Files</Filter>
    </ClInclude>
    <ClInclude Include="SEngine\Lighting\SpotLight\SpotLight.h">
      <Filter>Header Files</Filter>
    </ClInclude>
    <ClInclude Include="SEngine\Lighting\AreaLight\AreaLight.h">
      <Filter>Header Files</Filter>
    </ClInclude>
    <ClInclude Include="SEngine\Lighting\LightManager.h">
      <Filter>Header Files</Filter>
    </ClInclude>
    <ClInclude Include="SEngine\Material\Material.h">
      <Filter>Header Files</Filter>
    </ClInclude>
  </ItemGroup>
  <ItemGroup>
    <None Include="libFLAC-8.dll" />
    <None Include="libjpeg-9.dll" />
    <None Include="libmodplug-1.dll" />
    <None Include="libogg-0.dll" />
    <None Include="libpng16-16.dll" />
    <None Include="libtiff-5.dll" />
    <None Include="libvorbis-0.dll" />
    <None Include="libvorbisfile-3.dll" />
    <None Include="libwebp-4.dll" />
    <None Include="SDL2.dll" />
    <None Include="SDL2_image.dll" />
    <None Include="SDL2_mixer.dll" />
    <None Include="smpeg2.dll" />
    <None Include="zlib1.dll" />
    <None Include="Assets\Shaders\Default\Vertex_Shader.ves" />
    <None Include="Assets\Shaders\Default\Fragment_Shader.fes" />
    <None Include="Assets\Shaders\MVP\Fragment_Shader_MVP.fes" />
    <None Include="Assets\Shaders\MVP\Vertex_Shader_MVP.ves" />
    <None Include="Assets\Shaders\Skybox\Fragment_Shader_Cubemap.fes" />
    <None Include="Assets\Shaders\Skybox\Vertex_Shader_Cubemap.ves" />
    <None Include="Assets\Shaders\Light\Default\Vertex_Shader_Light.ves" />
    <None Include="Assets\Shaders\Light\Default\Fragment_Shader_Light.fes" />
  </ItemGroup>
  <ItemGroup>
    <Image Include="..\..\..\..\Documents\Graphics\Textures\WallTexture_1.jpg">
      <Filter>Resource Files</Filter>
    </Image>
    <Image Include="Assets\Textures\WallTexture_1.jpg">
      <Filter>Resource Files</Filter>
    </Image>
    <Image Include="Assets\CubeMaps\ElySnow\0.tga" />
    <Image Include="Assets\CubeMaps\ElySnow\1.tga" />
    <Image Include="Assets\CubeMaps\JFNuke\0.tga" />
    <Image Include="Assets\CubeMaps\JFNuke\1.tga" />
    <Image Include="Assets\CubeMaps\ElySnow\4.tga" />
    <Image Include="Assets\CubeMaps\ElySnow\5.tga" />
    <Image Include="Assets\CubeMaps\ElySnow\2.tga" />
    <Image Include="Assets\CubeMaps\ElySnow\3.tga" />
    <Image Include="Assets\CubeMaps\JFNuke\2.tga" />
    <Image Include="Assets\CubeMaps\JFNuke\3.tga" />
    <Image Include="Assets\CubeMaps\JFNuke\4.tga" />
    <Image Include="Assets\CubeMaps\JFNuke\5.tga" />
    <Image Include="..\..\..\..\Documents\Graphics\Textures\WallTexture_2.jpg">
      <Filter>Resource Files</Filter>
    </Image>
    <Image Include="Assets\Textures\WallTexture_2.jpg">
      <Filter>Resource Files</Filter>
    </Image>
    <Image Include="Assets\Textures\WallTexture_3.jpg">
      <Filter>Resource Files</Filter>
    </Image>
    <Image Include="Assets\Textures\WallTexture_4.jpg">
      <Filter>Resource Files</Filter>
    </Image>
    <Image Include="Assets\Textures\WallTexture_5.jpg">
      <Filter>Resource Files</Filter>
    </Image>
  </ItemGroup>
</Project>